// !$*UTF8*$!
{
	archiveVersion = 1;
	classes = {
	};
	objectVersion = 50;
	objects = {

/* Begin PBXBuildFile section */
		BF2D65A92611C6BC006A1754 /* MarketWatch2App.swift in Sources */ = {isa = PBXBuildFile; fileRef = BF2D65A82611C6BC006A1754 /* MarketWatch2App.swift */; };
		BF2D65AB2611C6BC006A1754 /* ContentView.swift in Sources */ = {isa = PBXBuildFile; fileRef = BF2D65AA2611C6BC006A1754 /* ContentView.swift */; };
		BF2D65AD2611C6C0006A1754 /* Assets.xcassets in Resources */ = {isa = PBXBuildFile; fileRef = BF2D65AC2611C6C0006A1754 /* Assets.xcassets */; };
		BF2D65B02611C6C0006A1754 /* Preview Assets.xcassets in Resources */ = {isa = PBXBuildFile; fileRef = BF2D65AF2611C6C0006A1754 /* Preview Assets.xcassets */; };
		BF2D65C62611E368006A1754 /* Charts.framework in Frameworks */ = {isa = PBXBuildFile; fileRef = BF2D65C22611E320006A1754 /* Charts.framework */; };
		BF2D65C72611E368006A1754 /* Charts.framework in Embed Frameworks */ = {isa = PBXBuildFile; fileRef = BF2D65C22611E320006A1754 /* Charts.framework */; settings = {ATTRIBUTES = (CodeSignOnCopy, RemoveHeadersOnCopy, ); }; };
		BF2D65CA2611F5CB006A1754 /* Bar.swift in Sources */ = {isa = PBXBuildFile; fileRef = BF2D65C92611F5CB006A1754 /* Bar.swift */; };
		BF2D65E326122422006A1754 /* Line.swift in Sources */ = {isa = PBXBuildFile; fileRef = BF2D65E226122421006A1754 /* Line.swift */; };
		BF2D65E5261258FD006A1754 /* CandleStick.swift in Sources */ = {isa = PBXBuildFile; fileRef = BF2D65E4261258FD006A1754 /* CandleStick.swift */; };
		BF2D65ED26127242006A1754 /* Combined.swift in Sources */ = {isa = PBXBuildFile; fileRef = BF2D65EC26127242006A1754 /* Combined.swift */; };
		BF2D661926135ABB006A1754 /* Bundle_Decodable.swift in Sources */ = {isa = PBXBuildFile; fileRef = BF2D65F826135AB8006A1754 /* Bundle_Decodable.swift */; };
		BF2D661A26135ABB006A1754 /* SearchBarYoko.swift in Sources */ = {isa = PBXBuildFile; fileRef = BF2D65F926135AB8006A1754 /* SearchBarYoko.swift */; };
		BF2D661B26135ABB006A1754 /* FavoriteButton.swift in Sources */ = {isa = PBXBuildFile; fileRef = BF2D65FA26135AB8006A1754 /* FavoriteButton.swift */; };
		BF2D661C26135ABB006A1754 /* Color.swift in Sources */ = {isa = PBXBuildFile; fileRef = BF2D65FB26135AB8006A1754 /* Color.swift */; };
		BF2D661D26135ABB006A1754 /* MarketDetail.swift in Sources */ = {isa = PBXBuildFile; fileRef = BF2D65FD26135AB8006A1754 /* MarketDetail.swift */; };
		BF2D661E26135ABB006A1754 /* MarketList.swift in Sources */ = {isa = PBXBuildFile; fileRef = BF2D65FE26135AB8006A1754 /* MarketList.swift */; };
		BF2D661F26135ABB006A1754 /* CombineURLSessionStockPrice.swift in Sources */ = {isa = PBXBuildFile; fileRef = BF2D65FF26135AB8006A1754 /* CombineURLSessionStockPrice.swift */; };
		BF2D662326135ABB006A1754 /* CombineJSONStockPrice.swift in Sources */ = {isa = PBXBuildFile; fileRef = BF2D660526135AB8006A1754 /* CombineJSONStockPrice.swift */; };
		BF2D662426135ABB006A1754 /* MarketDetailJson.swift in Sources */ = {isa = PBXBuildFile; fileRef = BF2D660626135AB8006A1754 /* MarketDetailJson.swift */; };
		BF2D662526135ABB006A1754 /* MarketListJson.swift in Sources */ = {isa = PBXBuildFile; fileRef = BF2D660726135AB8006A1754 /* MarketListJson.swift */; };
		BF2D662626135ABB006A1754 /* AAPL2021-03-22.json in Resources */ = {isa = PBXBuildFile; fileRef = BF2D660926135AB8006A1754 /* AAPL2021-03-22.json */; };
		BF2D662726135ABB006A1754 /* QCLN2021-03-22.json in Resources */ = {isa = PBXBuildFile; fileRef = BF2D660A26135AB8006A1754 /* QCLN2021-03-22.json */; };
		BF2D662826135ABB006A1754 /* MGGAX2021-03-22.json in Resources */ = {isa = PBXBuildFile; fileRef = BF2D660B26135AB8006A1754 /* MGGAX2021-03-22.json */; };
		BF2D662926135ABB006A1754 /* GRNB2021-03-22.json in Resources */ = {isa = PBXBuildFile; fileRef = BF2D660C26135AB8006A1754 /* GRNB2021-03-22.json */; };
		BF2D662A26135ABB006A1754 /* IBM2021-03-22.json in Resources */ = {isa = PBXBuildFile; fileRef = BF2D660D26135AB8006A1754 /* IBM2021-03-22.json */; };
		BF2D662B26135ABB006A1754 /* PBW2021-03-22.json in Resources */ = {isa = PBXBuildFile; fileRef = BF2D660E26135AB8006A1754 /* PBW2021-03-22.json */; };
		BF2D662C26135ABB006A1754 /* MSFT2021-03-22.json in Resources */ = {isa = PBXBuildFile; fileRef = BF2D660F26135AB8006A1754 /* MSFT2021-03-22.json */; };
		BF2D662D26135ABB006A1754 /* BGRN2021-03-22.json in Resources */ = {isa = PBXBuildFile; fileRef = BF2D661026135AB8006A1754 /* BGRN2021-03-22.json */; };
		BF2D662E26135ABB006A1754 /* IQQH.DE2021-03-22.json in Resources */ = {isa = PBXBuildFile; fileRef = BF2D661126135AB8006A1754 /* IQQH.DE2021-03-22.json */; };
		BF2D662F26135ABB006A1754 /* CGAFX2021-03-22.json in Resources */ = {isa = PBXBuildFile; fileRef = BF2D661226135AB8006A1754 /* CGAFX2021-03-22.json */; };
		BF2D663026135ABB006A1754 /* ECOAX2021-03-22.json in Resources */ = {isa = PBXBuildFile; fileRef = BF2D661326135AB8006A1754 /* ECOAX2021-03-22.json */; };
		BF2D663126135ABB006A1754 /* NUBD2021-03-22.json in Resources */ = {isa = PBXBuildFile; fileRef = BF2D661426135AB8006A1754 /* NUBD2021-03-22.json */; };
		BF2D663226135ABB006A1754 /* MGGYX2021-03-22.json in Resources */ = {isa = PBXBuildFile; fileRef = BF2D661526135AB8006A1754 /* MGGYX2021-03-22.json */; };
		BF2D663326135ABB006A1754 /* StocksAPIModel.swift in Sources */ = {isa = PBXBuildFile; fileRef = BF2D661726135AB8006A1754 /* StocksAPIModel.swift */; };
		BF2D663426135ABB006A1754 /* MarketModel.swift in Sources */ = {isa = PBXBuildFile; fileRef = BF2D661826135AB8006A1754 /* MarketModel.swift */; };
		BF6EA783261484AB00E39227 /* DateValueFormatter.swift in Sources */ = {isa = PBXBuildFile; fileRef = BF6EA77F261484AB00E39227 /* DateValueFormatter.swift */; };
		BF6EA784261484AB00E39227 /* DayAxisValueFormatter.swift in Sources */ = {isa = PBXBuildFile; fileRef = BF6EA782261484AB00E39227 /* DayAxisValueFormatter.swift */; };
		BF6EA78626149AEC00E39227 /* YyyymmddAxisValueFormatter.swift in Sources */ = {isa = PBXBuildFile; fileRef = BF6EA78526149AEC00E39227 /* YyyymmddAxisValueFormatter.swift */; };
		BFB8F2AC2613BED2009AEF73 /* LineDetail.swift in Sources */ = {isa = PBXBuildFile; fileRef = BFB8F2AB2613BED2009AEF73 /* LineDetail.swift */; };
/* End PBXBuildFile section */

/* Begin PBXContainerItemProxy section */
		BF2D65C12611E320006A1754 /* PBXContainerItemProxy */ = {
			isa = PBXContainerItemProxy;
			containerPortal = BF2D65B92611E31F006A1754 /* Charts.xcodeproj */;
			proxyType = 2;
			remoteGlobalIDString = 65AD9E95D9ED4DC0BD73A743;
			remoteInfo = Charts;
		};
		BF2D65C32611E320006A1754 /* PBXContainerItemProxy */ = {
			isa = PBXContainerItemProxy;
			containerPortal = BF2D65B92611E31F006A1754 /* Charts.xcodeproj */;
			proxyType = 2;
			remoteGlobalIDString = 1CBBC58C6CE1EBEE9852CE41;
			remoteInfo = ChartsTests;
		};
/* End PBXContainerItemProxy section */

/* Begin PBXCopyFilesBuildPhase section */
		BF2D65C82611E368006A1754 /* Embed Frameworks */ = {
			isa = PBXCopyFilesBuildPhase;
			buildActionMask = 2147483647;
			dstPath = "";
			dstSubfolderSpec = 10;
			files = (
				BF2D65C72611E368006A1754 /* Charts.framework in Embed Frameworks */,
			);
			name = "Embed Frameworks";
			runOnlyForDeploymentPostprocessing = 0;
		};
/* End PBXCopyFilesBuildPhase section */

/* Begin PBXFileReference section */
		BF2D65A52611C6BC006A1754 /* MarketWatch2.app */ = {isa = PBXFileReference; explicitFileType = wrapper.application; includeInIndex = 0; path = MarketWatch2.app; sourceTree = BUILT_PRODUCTS_DIR; };
		BF2D65A82611C6BC006A1754 /* MarketWatch2App.swift */ = {isa = PBXFileReference; lastKnownFileType = sourcecode.swift; path = MarketWatch2App.swift; sourceTree = "<group>"; };
		BF2D65AA2611C6BC006A1754 /* ContentView.swift */ = {isa = PBXFileReference; lastKnownFileType = sourcecode.swift; path = ContentView.swift; sourceTree = "<group>"; };
		BF2D65AC2611C6C0006A1754 /* Assets.xcassets */ = {isa = PBXFileReference; lastKnownFileType = folder.assetcatalog; path = Assets.xcassets; sourceTree = "<group>"; };
		BF2D65AF2611C6C0006A1754 /* Preview Assets.xcassets */ = {isa = PBXFileReference; lastKnownFileType = folder.assetcatalog; path = "Preview Assets.xcassets"; sourceTree = "<group>"; };
		BF2D65B12611C6C0006A1754 /* Info.plist */ = {isa = PBXFileReference; lastKnownFileType = text.plist.xml; path = Info.plist; sourceTree = "<group>"; };
		BF2D65B92611E31F006A1754 /* Charts.xcodeproj */ = {isa = PBXFileReference; lastKnownFileType = "wrapper.pb-project"; name = Charts.xcodeproj; path = "../Charts-master/Charts.xcodeproj"; sourceTree = "<group>"; };
		BF2D65C92611F5CB006A1754 /* Bar.swift */ = {isa = PBXFileReference; lastKnownFileType = sourcecode.swift; path = Bar.swift; sourceTree = "<group>"; };
		BF2D65E226122421006A1754 /* Line.swift */ = {isa = PBXFileReference; lastKnownFileType = sourcecode.swift; path = Line.swift; sourceTree = "<group>"; };
		BF2D65E4261258FD006A1754 /* CandleStick.swift */ = {isa = PBXFileReference; lastKnownFileType = sourcecode.swift; path = CandleStick.swift; sourceTree = "<group>"; };
		BF2D65EC26127242006A1754 /* Combined.swift */ = {isa = PBXFileReference; lastKnownFileType = sourcecode.swift; path = Combined.swift; sourceTree = "<group>"; };
		BF2D65F826135AB8006A1754 /* Bundle_Decodable.swift */ = {isa = PBXFileReference; fileEncoding = 4; lastKnownFileType = sourcecode.swift; path = Bundle_Decodable.swift; sourceTree = "<group>"; };
		BF2D65F926135AB8006A1754 /* SearchBarYoko.swift */ = {isa = PBXFileReference; fileEncoding = 4; lastKnownFileType = sourcecode.swift; path = SearchBarYoko.swift; sourceTree = "<group>"; };
		BF2D65FA26135AB8006A1754 /* FavoriteButton.swift */ = {isa = PBXFileReference; fileEncoding = 4; lastKnownFileType = sourcecode.swift; path = FavoriteButton.swift; sourceTree = "<group>"; };
		BF2D65FB26135AB8006A1754 /* Color.swift */ = {isa = PBXFileReference; fileEncoding = 4; lastKnownFileType = sourcecode.swift; path = Color.swift; sourceTree = "<group>"; };
		BF2D65FD26135AB8006A1754 /* MarketDetail.swift */ = {isa = PBXFileReference; fileEncoding = 4; lastKnownFileType = sourcecode.swift; path = MarketDetail.swift; sourceTree = "<group>"; };
		BF2D65FE26135AB8006A1754 /* MarketList.swift */ = {isa = PBXFileReference; fileEncoding = 4; lastKnownFileType = sourcecode.swift; path = MarketList.swift; sourceTree = "<group>"; };
		BF2D65FF26135AB8006A1754 /* CombineURLSessionStockPrice.swift */ = {isa = PBXFileReference; fileEncoding = 4; lastKnownFileType = sourcecode.swift; path = CombineURLSessionStockPrice.swift; sourceTree = "<group>"; };
		BF2D660526135AB8006A1754 /* CombineJSONStockPrice.swift */ = {isa = PBXFileReference; fileEncoding = 4; lastKnownFileType = sourcecode.swift; path = CombineJSONStockPrice.swift; sourceTree = "<group>"; };
		BF2D660626135AB8006A1754 /* MarketDetailJson.swift */ = {isa = PBXFileReference; fileEncoding = 4; lastKnownFileType = sourcecode.swift; path = MarketDetailJson.swift; sourceTree = "<group>"; };
		BF2D660726135AB8006A1754 /* MarketListJson.swift */ = {isa = PBXFileReference; fileEncoding = 4; lastKnownFileType = sourcecode.swift; path = MarketListJson.swift; sourceTree = "<group>"; };
		BF2D660926135AB8006A1754 /* AAPL2021-03-22.json */ = {isa = PBXFileReference; fileEncoding = 4; lastKnownFileType = text.json; path = "AAPL2021-03-22.json"; sourceTree = "<group>"; };
		BF2D660A26135AB8006A1754 /* QCLN2021-03-22.json */ = {isa = PBXFileReference; fileEncoding = 4; lastKnownFileType = text.json; path = "QCLN2021-03-22.json"; sourceTree = "<group>"; };
		BF2D660B26135AB8006A1754 /* MGGAX2021-03-22.json */ = {isa = PBXFileReference; fileEncoding = 4; lastKnownFileType = text.json; path = "MGGAX2021-03-22.json"; sourceTree = "<group>"; };
		BF2D660C26135AB8006A1754 /* GRNB2021-03-22.json */ = {isa = PBXFileReference; fileEncoding = 4; lastKnownFileType = text.json; path = "GRNB2021-03-22.json"; sourceTree = "<group>"; };
		BF2D660D26135AB8006A1754 /* IBM2021-03-22.json */ = {isa = PBXFileReference; fileEncoding = 4; lastKnownFileType = text.json; path = "IBM2021-03-22.json"; sourceTree = "<group>"; };
		BF2D660E26135AB8006A1754 /* PBW2021-03-22.json */ = {isa = PBXFileReference; fileEncoding = 4; lastKnownFileType = text.json; path = "PBW2021-03-22.json"; sourceTree = "<group>"; };
		BF2D660F26135AB8006A1754 /* MSFT2021-03-22.json */ = {isa = PBXFileReference; fileEncoding = 4; lastKnownFileType = text.json; path = "MSFT2021-03-22.json"; sourceTree = "<group>"; };
		BF2D661026135AB8006A1754 /* BGRN2021-03-22.json */ = {isa = PBXFileReference; fileEncoding = 4; lastKnownFileType = text.json; path = "BGRN2021-03-22.json"; sourceTree = "<group>"; };
		BF2D661126135AB8006A1754 /* IQQH.DE2021-03-22.json */ = {isa = PBXFileReference; fileEncoding = 4; lastKnownFileType = text.json; path = "IQQH.DE2021-03-22.json"; sourceTree = "<group>"; };
		BF2D661226135AB8006A1754 /* CGAFX2021-03-22.json */ = {isa = PBXFileReference; fileEncoding = 4; lastKnownFileType = text.json; path = "CGAFX2021-03-22.json"; sourceTree = "<group>"; };
		BF2D661326135AB8006A1754 /* ECOAX2021-03-22.json */ = {isa = PBXFileReference; fileEncoding = 4; lastKnownFileType = text.json; path = "ECOAX2021-03-22.json"; sourceTree = "<group>"; };
		BF2D661426135AB8006A1754 /* NUBD2021-03-22.json */ = {isa = PBXFileReference; fileEncoding = 4; lastKnownFileType = text.json; path = "NUBD2021-03-22.json"; sourceTree = "<group>"; };
		BF2D661526135AB8006A1754 /* MGGYX2021-03-22.json */ = {isa = PBXFileReference; fileEncoding = 4; lastKnownFileType = text.json; path = "MGGYX2021-03-22.json"; sourceTree = "<group>"; };
		BF2D661726135AB8006A1754 /* StocksAPIModel.swift */ = {isa = PBXFileReference; fileEncoding = 4; lastKnownFileType = sourcecode.swift; path = StocksAPIModel.swift; sourceTree = "<group>"; };
		BF2D661826135AB8006A1754 /* MarketModel.swift */ = {isa = PBXFileReference; fileEncoding = 4; lastKnownFileType = sourcecode.swift; path = MarketModel.swift; sourceTree = "<group>"; };
		BF6EA77F261484AB00E39227 /* DateValueFormatter.swift */ = {isa = PBXFileReference; fileEncoding = 4; lastKnownFileType = sourcecode.swift; path = DateValueFormatter.swift; sourceTree = "<group>"; };
		BF6EA782261484AB00E39227 /* DayAxisValueFormatter.swift */ = {isa = PBXFileReference; fileEncoding = 4; lastKnownFileType = sourcecode.swift; path = DayAxisValueFormatter.swift; sourceTree = "<group>"; };
		BF6EA78526149AEC00E39227 /* YyyymmddAxisValueFormatter.swift */ = {isa = PBXFileReference; lastKnownFileType = sourcecode.swift; path = YyyymmddAxisValueFormatter.swift; sourceTree = "<group>"; };
		BFB8F2AB2613BED2009AEF73 /* LineDetail.swift */ = {isa = PBXFileReference; lastKnownFileType = sourcecode.swift; path = LineDetail.swift; sourceTree = "<group>"; };
/* End PBXFileReference section */

/* Begin PBXFrameworksBuildPhase section */
		BF2D65A22611C6BC006A1754 /* Frameworks */ = {
			isa = PBXFrameworksBuildPhase;
			buildActionMask = 2147483647;
			files = (
				BF2D65C62611E368006A1754 /* Charts.framework in Frameworks */,
			);
			runOnlyForDeploymentPostprocessing = 0;
		};
/* End PBXFrameworksBuildPhase section */

/* Begin PBXGroup section */
		BF2D659C2611C6BC006A1754 = {
			isa = PBXGroup;
			children = (
				BF2D65A72611C6BC006A1754 /* MarketWatch2 */,
				BF2D65A62611C6BC006A1754 /* Products */,
				BF2D65B82611E31F006A1754 /* Frameworks */,
			);
			sourceTree = "<group>";
		};
		BF2D65A62611C6BC006A1754 /* Products */ = {
			isa = PBXGroup;
			children = (
				BF2D65A52611C6BC006A1754 /* MarketWatch2.app */,
			);
			name = Products;
			sourceTree = "<group>";
		};
		BF2D65A72611C6BC006A1754 /* MarketWatch2 */ = {
			isa = PBXGroup;
			children = (
				BF2D65F626135AB8006A1754 /* Market */,
				BF2D65C92611F5CB006A1754 /* Bar.swift */,
				BF2D65E226122421006A1754 /* Line.swift */,
				BFB8F2AB2613BED2009AEF73 /* LineDetail.swift */,
				BF2D65E4261258FD006A1754 /* CandleStick.swift */,
				BF2D65EC26127242006A1754 /* Combined.swift */,
				BF6EA77F261484AB00E39227 /* DateValueFormatter.swift */,
				BF6EA782261484AB00E39227 /* DayAxisValueFormatter.swift */,
				BF6EA78526149AEC00E39227 /* YyyymmddAxisValueFormatter.swift */,
				BF2D65A82611C6BC006A1754 /* MarketWatch2App.swift */,
				BF2D65AA2611C6BC006A1754 /* ContentView.swift */,
				BF2D65AC2611C6C0006A1754 /* Assets.xcassets */,
				BF2D65B12611C6C0006A1754 /* Info.plist */,
				BF2D65AE2611C6C0006A1754 /* Preview Content */,
			);
			path = MarketWatch2;
			sourceTree = "<group>";
		};
		BF2D65AE2611C6C0006A1754 /* Preview Content */ = {
			isa = PBXGroup;
			children = (
				BF2D65AF2611C6C0006A1754 /* Preview Assets.xcassets */,
			);
			path = "Preview Content";
			sourceTree = "<group>";
		};
		BF2D65B82611E31F006A1754 /* Frameworks */ = {
			isa = PBXGroup;
			children = (
				BF2D65B92611E31F006A1754 /* Charts.xcodeproj */,
			);
			name = Frameworks;
			sourceTree = "<group>";
		};
		BF2D65BA2611E31F006A1754 /* Products */ = {
			isa = PBXGroup;
			children = (
				BF2D65C22611E320006A1754 /* Charts.framework */,
				BF2D65C42611E320006A1754 /* ChartsTests.xctest */,
			);
			name = Products;
			sourceTree = "<group>";
		};
		BF2D65F626135AB8006A1754 /* Market */ = {
			isa = PBXGroup;
			children = (
				BF2D65F726135AB8006A1754 /* tools */,
				BF2D65FC26135AB8006A1754 /* ViewAPI */,
				BF2D660426135AB8006A1754 /* ViewJSON */,
				BF2D660826135AB8006A1754 /* json */,
				BF2D661626135AB8006A1754 /* Model */,
			);
			path = Market;
			sourceTree = "<group>";
		};
		BF2D65F726135AB8006A1754 /* tools */ = {
			isa = PBXGroup;
			children = (
				BF2D65F826135AB8006A1754 /* Bundle_Decodable.swift */,
				BF2D65F926135AB8006A1754 /* SearchBarYoko.swift */,
				BF2D65FA26135AB8006A1754 /* FavoriteButton.swift */,
				BF2D65FB26135AB8006A1754 /* Color.swift */,
			);
			path = tools;
			sourceTree = "<group>";
		};
		BF2D65FC26135AB8006A1754 /* ViewAPI */ = {
			isa = PBXGroup;
			children = (
				BF2D65FD26135AB8006A1754 /* MarketDetail.swift */,
				BF2D65FE26135AB8006A1754 /* MarketList.swift */,
				BF2D65FF26135AB8006A1754 /* CombineURLSessionStockPrice.swift */,
			);
			path = ViewAPI;
			sourceTree = "<group>";
		};
		BF2D660426135AB8006A1754 /* ViewJSON */ = {
			isa = PBXGroup;
			children = (
				BF2D660526135AB8006A1754 /* CombineJSONStockPrice.swift */,
				BF2D660626135AB8006A1754 /* MarketDetailJson.swift */,
				BF2D660726135AB8006A1754 /* MarketListJson.swift */,
			);
			path = ViewJSON;
			sourceTree = "<group>";
		};
		BF2D660826135AB8006A1754 /* json */ = {
			isa = PBXGroup;
			children = (
				BF2D660926135AB8006A1754 /* AAPL2021-03-22.json */,
				BF2D660A26135AB8006A1754 /* QCLN2021-03-22.json */,
				BF2D660B26135AB8006A1754 /* MGGAX2021-03-22.json */,
				BF2D660C26135AB8006A1754 /* GRNB2021-03-22.json */,
				BF2D660D26135AB8006A1754 /* IBM2021-03-22.json */,
				BF2D660E26135AB8006A1754 /* PBW2021-03-22.json */,
				BF2D660F26135AB8006A1754 /* MSFT2021-03-22.json */,
				BF2D661026135AB8006A1754 /* BGRN2021-03-22.json */,
				BF2D661126135AB8006A1754 /* IQQH.DE2021-03-22.json */,
				BF2D661226135AB8006A1754 /* CGAFX2021-03-22.json */,
				BF2D661326135AB8006A1754 /* ECOAX2021-03-22.json */,
				BF2D661426135AB8006A1754 /* NUBD2021-03-22.json */,
				BF2D661526135AB8006A1754 /* MGGYX2021-03-22.json */,
			);
			path = json;
			sourceTree = "<group>";
		};
		BF2D661626135AB8006A1754 /* Model */ = {
			isa = PBXGroup;
			children = (
				BF2D661726135AB8006A1754 /* StocksAPIModel.swift */,
				BF2D661826135AB8006A1754 /* MarketModel.swift */,
			);
			path = Model;
			sourceTree = "<group>";
		};
/* End PBXGroup section */

/* Begin PBXNativeTarget section */
		BF2D65A42611C6BC006A1754 /* MarketWatch2 */ = {
			isa = PBXNativeTarget;
			buildConfigurationList = BF2D65B42611C6C0006A1754 /* Build configuration list for PBXNativeTarget "MarketWatch2" */;
			buildPhases = (
				BF2D65A12611C6BC006A1754 /* Sources */,
				BF2D65A22611C6BC006A1754 /* Frameworks */,
				BF2D65A32611C6BC006A1754 /* Resources */,
				BF2D65C82611E368006A1754 /* Embed Frameworks */,
			);
			buildRules = (
			);
			dependencies = (
			);
			name = MarketWatch2;
			packageProductDependencies = (
			);
			productName = MarketWatch2;
			productReference = BF2D65A52611C6BC006A1754 /* MarketWatch2.app */;
			productType = "com.apple.product-type.application";
		};
/* End PBXNativeTarget section */

/* Begin PBXProject section */
		BF2D659D2611C6BC006A1754 /* Project object */ = {
			isa = PBXProject;
			attributes = {
				LastSwiftUpdateCheck = 1240;
				LastUpgradeCheck = 1240;
				TargetAttributes = {
					BF2D65A42611C6BC006A1754 = {
						CreatedOnToolsVersion = 12.4;
					};
				};
			};
			buildConfigurationList = BF2D65A02611C6BC006A1754 /* Build configuration list for PBXProject "MarketWatch2" */;
			compatibilityVersion = "Xcode 9.3";
			developmentRegion = en;
			hasScannedForEncodings = 0;
			knownRegions = (
				en,
				Base,
			);
			mainGroup = BF2D659C2611C6BC006A1754;
			packageReferences = (
			);
			productRefGroup = BF2D65A62611C6BC006A1754 /* Products */;
			projectDirPath = "";
			projectReferences = (
				{
					ProductGroup = BF2D65BA2611E31F006A1754 /* Products */;
					ProjectRef = BF2D65B92611E31F006A1754 /* Charts.xcodeproj */;
				},
			);
			projectRoot = "";
			targets = (
				BF2D65A42611C6BC006A1754 /* MarketWatch2 */,
			);
		};
/* End PBXProject section */

/* Begin PBXReferenceProxy section */
		BF2D65C22611E320006A1754 /* Charts.framework */ = {
			isa = PBXReferenceProxy;
			fileType = wrapper.framework;
			path = Charts.framework;
			remoteRef = BF2D65C12611E320006A1754 /* PBXContainerItemProxy */;
			sourceTree = BUILT_PRODUCTS_DIR;
		};
		BF2D65C42611E320006A1754 /* ChartsTests.xctest */ = {
			isa = PBXReferenceProxy;
			fileType = wrapper.cfbundle;
			path = ChartsTests.xctest;
			remoteRef = BF2D65C32611E320006A1754 /* PBXContainerItemProxy */;
			sourceTree = BUILT_PRODUCTS_DIR;
		};
/* End PBXReferenceProxy section */

/* Begin PBXResourcesBuildPhase section */
		BF2D65A32611C6BC006A1754 /* Resources */ = {
			isa = PBXResourcesBuildPhase;
			buildActionMask = 2147483647;
			files = (
				BF2D662D26135ABB006A1754 /* BGRN2021-03-22.json in Resources */,
				BF2D662926135ABB006A1754 /* GRNB2021-03-22.json in Resources */,
				BF2D662C26135ABB006A1754 /* MSFT2021-03-22.json in Resources */,
				BF2D662F26135ABB006A1754 /* CGAFX2021-03-22.json in Resources */,
				BF2D663126135ABB006A1754 /* NUBD2021-03-22.json in Resources */,
				BF2D662B26135ABB006A1754 /* PBW2021-03-22.json in Resources */,
				BF2D65B02611C6C0006A1754 /* Preview Assets.xcassets in Resources */,
				BF2D662A26135ABB006A1754 /* IBM2021-03-22.json in Resources */,
				BF2D65AD2611C6C0006A1754 /* Assets.xcassets in Resources */,
				BF2D662E26135ABB006A1754 /* IQQH.DE2021-03-22.json in Resources */,
				BF2D662826135ABB006A1754 /* MGGAX2021-03-22.json in Resources */,
				BF2D662626135ABB006A1754 /* AAPL2021-03-22.json in Resources */,
				BF2D662726135ABB006A1754 /* QCLN2021-03-22.json in Resources */,
				BF2D663026135ABB006A1754 /* ECOAX2021-03-22.json in Resources */,
				BF2D663226135ABB006A1754 /* MGGYX2021-03-22.json in Resources */,
			);
			runOnlyForDeploymentPostprocessing = 0;
		};
/* End PBXResourcesBuildPhase section */

/* Begin PBXSourcesBuildPhase section */
		BF2D65A12611C6BC006A1754 /* Sources */ = {
			isa = PBXSourcesBuildPhase;
			buildActionMask = 2147483647;
			files = (
				BF2D65E5261258FD006A1754 /* CandleStick.swift in Sources */,
				BF2D65AB2611C6BC006A1754 /* ContentView.swift in Sources */,
				BF2D661D26135ABB006A1754 /* MarketDetail.swift in Sources */,
				BF6EA78626149AEC00E39227 /* YyyymmddAxisValueFormatter.swift in Sources */,
				BF2D662326135ABB006A1754 /* CombineJSONStockPrice.swift in Sources */,
				BF2D662426135ABB006A1754 /* MarketDetailJson.swift in Sources */,
				BFB8F2AC2613BED2009AEF73 /* LineDetail.swift in Sources */,
				BF6EA783261484AB00E39227 /* DateValueFormatter.swift in Sources */,
				BF2D663426135ABB006A1754 /* MarketModel.swift in Sources */,
				BF2D662526135ABB006A1754 /* MarketListJson.swift in Sources */,
				BF2D661E26135ABB006A1754 /* MarketList.swift in Sources */,
				BF2D65E326122422006A1754 /* Line.swift in Sources */,
				BF2D661C26135ABB006A1754 /* Color.swift in Sources */,
				BF2D663326135ABB006A1754 /* StocksAPIModel.swift in Sources */,
				BF2D661F26135ABB006A1754 /* CombineURLSessionStockPrice.swift in Sources */,
				BF2D661B26135ABB006A1754 /* FavoriteButton.swift in Sources */,
				BF2D661A26135ABB006A1754 /* SearchBarYoko.swift in Sources */,
				BF6EA784261484AB00E39227 /* DayAxisValueFormatter.swift in Sources */,
				BF2D65CA2611F5CB006A1754 /* Bar.swift in Sources */,
				BF2D661926135ABB006A1754 /* Bundle_Decodable.swift in Sources */,
				BF2D65ED26127242006A1754 /* Combined.swift in Sources */,
				BF2D65A92611C6BC006A1754 /* MarketWatch2App.swift in Sources */,
			);
			runOnlyForDeploymentPostprocessing = 0;
		};
/* End PBXSourcesBuildPhase section */

/* Begin XCBuildConfiguration section */
		BF2D65B22611C6C0006A1754 /* Debug */ = {
			isa = XCBuildConfiguration;
			buildSettings = {
				ALWAYS_SEARCH_USER_PATHS = NO;
				CLANG_ANALYZER_NONNULL = YES;
				CLANG_ANALYZER_NUMBER_OBJECT_CONVERSION = YES_AGGRESSIVE;
				CLANG_CXX_LANGUAGE_STANDARD = "gnu++14";
				CLANG_CXX_LIBRARY = "libc++";
				CLANG_ENABLE_MODULES = YES;
				CLANG_ENABLE_OBJC_ARC = YES;
				CLANG_ENABLE_OBJC_WEAK = YES;
				CLANG_WARN_BLOCK_CAPTURE_AUTORELEASING = YES;
				CLANG_WARN_BOOL_CONVERSION = YES;
				CLANG_WARN_COMMA = YES;
				CLANG_WARN_CONSTANT_CONVERSION = YES;
				CLANG_WARN_DEPRECATED_OBJC_IMPLEMENTATIONS = YES;
				CLANG_WARN_DIRECT_OBJC_ISA_USAGE = YES_ERROR;
				CLANG_WARN_DOCUMENTATION_COMMENTS = YES;
				CLANG_WARN_EMPTY_BODY = YES;
				CLANG_WARN_ENUM_CONVERSION = YES;
				CLANG_WARN_INFINITE_RECURSION = YES;
				CLANG_WARN_INT_CONVERSION = YES;
				CLANG_WARN_NON_LITERAL_NULL_CONVERSION = YES;
				CLANG_WARN_OBJC_IMPLICIT_RETAIN_SELF = YES;
				CLANG_WARN_OBJC_LITERAL_CONVERSION = YES;
				CLANG_WARN_OBJC_ROOT_CLASS = YES_ERROR;
				CLANG_WARN_QUOTED_INCLUDE_IN_FRAMEWORK_HEADER = YES;
				CLANG_WARN_RANGE_LOOP_ANALYSIS = YES;
				CLANG_WARN_STRICT_PROTOTYPES = YES;
				CLANG_WARN_SUSPICIOUS_MOVE = YES;
				CLANG_WARN_UNGUARDED_AVAILABILITY = YES_AGGRESSIVE;
				CLANG_WARN_UNREACHABLE_CODE = YES;
				CLANG_WARN__DUPLICATE_METHOD_MATCH = YES;
				COPY_PHASE_STRIP = NO;
				DEBUG_INFORMATION_FORMAT = dwarf;
				ENABLE_STRICT_OBJC_MSGSEND = YES;
				ENABLE_TESTABILITY = YES;
				GCC_C_LANGUAGE_STANDARD = gnu11;
				GCC_DYNAMIC_NO_PIC = NO;
				GCC_NO_COMMON_BLOCKS = YES;
				GCC_OPTIMIZATION_LEVEL = 0;
				GCC_PREPROCESSOR_DEFINITIONS = (
					"DEBUG=1",
					"$(inherited)",
				);
				GCC_WARN_64_TO_32_BIT_CONVERSION = YES;
				GCC_WARN_ABOUT_RETURN_TYPE = YES_ERROR;
				GCC_WARN_UNDECLARED_SELECTOR = YES;
				GCC_WARN_UNINITIALIZED_AUTOS = YES_AGGRESSIVE;
				GCC_WARN_UNUSED_FUNCTION = YES;
				GCC_WARN_UNUSED_VARIABLE = YES;
				IPHONEOS_DEPLOYMENT_TARGET = 14.4;
				MTL_ENABLE_DEBUG_INFO = INCLUDE_SOURCE;
				MTL_FAST_MATH = YES;
				ONLY_ACTIVE_ARCH = YES;
				SDKROOT = iphoneos;
				SWIFT_ACTIVE_COMPILATION_CONDITIONS = DEBUG;
				SWIFT_OPTIMIZATION_LEVEL = "-Onone";
			};
			name = Debug;
		};
		BF2D65B32611C6C0006A1754 /* Release */ = {
			isa = XCBuildConfiguration;
			buildSettings = {
				ALWAYS_SEARCH_USER_PATHS = NO;
				CLANG_ANALYZER_NONNULL = YES;
				CLANG_ANALYZER_NUMBER_OBJECT_CONVERSION = YES_AGGRESSIVE;
				CLANG_CXX_LANGUAGE_STANDARD = "gnu++14";
				CLANG_CXX_LIBRARY = "libc++";
				CLANG_ENABLE_MODULES = YES;
				CLANG_ENABLE_OBJC_ARC = YES;
				CLANG_ENABLE_OBJC_WEAK = YES;
				CLANG_WARN_BLOCK_CAPTURE_AUTORELEASING = YES;
				CLANG_WARN_BOOL_CONVERSION = YES;
				CLANG_WARN_COMMA = YES;
				CLANG_WARN_CONSTANT_CONVERSION = YES;
				CLANG_WARN_DEPRECATED_OBJC_IMPLEMENTATIONS = YES;
				CLANG_WARN_DIRECT_OBJC_ISA_USAGE = YES_ERROR;
				CLANG_WARN_DOCUMENTATION_COMMENTS = YES;
				CLANG_WARN_EMPTY_BODY = YES;
				CLANG_WARN_ENUM_CONVERSION = YES;
				CLANG_WARN_INFINITE_RECURSION = YES;
				CLANG_WARN_INT_CONVERSION = YES;
				CLANG_WARN_NON_LITERAL_NULL_CONVERSION = YES;
				CLANG_WARN_OBJC_IMPLICIT_RETAIN_SELF = YES;
				CLANG_WARN_OBJC_LITERAL_CONVERSION = YES;
				CLANG_WARN_OBJC_ROOT_CLASS = YES_ERROR;
				CLANG_WARN_QUOTED_INCLUDE_IN_FRAMEWORK_HEADER = YES;
				CLANG_WARN_RANGE_LOOP_ANALYSIS = YES;
				CLANG_WARN_STRICT_PROTOTYPES = YES;
				CLANG_WARN_SUSPICIOUS_MOVE = YES;
				CLANG_WARN_UNGUARDED_AVAILABILITY = YES_AGGRESSIVE;
				CLANG_WARN_UNREACHABLE_CODE = YES;
				CLANG_WARN__DUPLICATE_METHOD_MATCH = YES;
				COPY_PHASE_STRIP = NO;
				DEBUG_INFORMATION_FORMAT = "dwarf-with-dsym";
				ENABLE_NS_ASSERTIONS = NO;
				ENABLE_STRICT_OBJC_MSGSEND = YES;
				GCC_C_LANGUAGE_STANDARD = gnu11;
				GCC_NO_COMMON_BLOCKS = YES;
				GCC_WARN_64_TO_32_BIT_CONVERSION = YES;
				GCC_WARN_ABOUT_RETURN_TYPE = YES_ERROR;
				GCC_WARN_UNDECLARED_SELECTOR = YES;
				GCC_WARN_UNINITIALIZED_AUTOS = YES_AGGRESSIVE;
				GCC_WARN_UNUSED_FUNCTION = YES;
				GCC_WARN_UNUSED_VARIABLE = YES;
				IPHONEOS_DEPLOYMENT_TARGET = 14.4;
				MTL_ENABLE_DEBUG_INFO = NO;
				MTL_FAST_MATH = YES;
				SDKROOT = iphoneos;
				SWIFT_COMPILATION_MODE = wholemodule;
				SWIFT_OPTIMIZATION_LEVEL = "-O";
				VALIDATE_PRODUCT = YES;
			};
			name = Release;
		};
		BF2D65B52611C6C0006A1754 /* Debug */ = {
			isa = XCBuildConfiguration;
			buildSettings = {
				ASSETCATALOG_COMPILER_APPICON_NAME = AppIcon;
				ASSETCATALOG_COMPILER_GLOBAL_ACCENT_COLOR_NAME = AccentColor;
				CODE_SIGN_STYLE = Automatic;
				DEVELOPMENT_ASSET_PATHS = "\"MarketWatch2/Preview Content\"";
				DEVELOPMENT_TEAM = Q2NNJR7846;
				ENABLE_PREVIEWS = YES;
				INFOPLIST_FILE = MarketWatch2/Info.plist;
				IPHONEOS_DEPLOYMENT_TARGET = 14.0;
				LD_RUNPATH_SEARCH_PATHS = (
					"$(inherited)",
					"@executable_path/Frameworks",
				);
				PRODUCT_BUNDLE_IDENTIFIER = yoko.MarketWatch2;
				PRODUCT_NAME = "$(TARGET_NAME)";
				SWIFT_VERSION = 5.0;
				TARGETED_DEVICE_FAMILY = "1,2";
			};
			name = Debug;
		};
		BF2D65B62611C6C0006A1754 /* Release */ = {
			isa = XCBuildConfiguration;
			buildSettings = {
				ASSETCATALOG_COMPILER_APPICON_NAME = AppIcon;
				ASSETCATALOG_COMPILER_GLOBAL_ACCENT_COLOR_NAME = AccentColor;
				CODE_SIGN_STYLE = Automatic;
				DEVELOPMENT_ASSET_PATHS = "\"MarketWatch2/Preview Content\"";
				DEVELOPMENT_TEAM = Q2NNJR7846;
				ENABLE_PREVIEWS = YES;
				INFOPLIST_FILE = MarketWatch2/Info.plist;
				IPHONEOS_DEPLOYMENT_TARGET = 14.0;
				LD_RUNPATH_SEARCH_PATHS = (
					"$(inherited)",
					"@executable_path/Frameworks",
				);
				PRODUCT_BUNDLE_IDENTIFIER = yoko.MarketWatch2;
				PRODUCT_NAME = "$(TARGET_NAME)";
				SWIFT_VERSION = 5.0;
				TARGETED_DEVICE_FAMILY = "1,2";
			};
			name = Release;
		};
/* End XCBuildConfiguration section */

/* Begin XCConfigurationList section */
		BF2D65A02611C6BC006A1754 /* Build configuration list for PBXProject "MarketWatch2" */ = {
			isa = XCConfigurationList;
			buildConfigurations = (
				BF2D65B22611C6C0006A1754 /* Debug */,
				BF2D65B32611C6C0006A1754 /* Release */,
			);
			defaultConfigurationIsVisible = 0;
			defaultConfigurationName = Release;
		};
		BF2D65B42611C6C0006A1754 /* Build configuration list for PBXNativeTarget "MarketWatch2" */ = {
			isa = XCConfigurationList;
			buildConfigurations = (
				BF2D65B52611C6C0006A1754 /* Debug */,
				BF2D65B62611C6C0006A1754 /* Release */,
			);
			defaultConfigurationIsVisible = 0;
			defaultConfigurationName = Release;
		};
/* End XCConfigurationList section */
	};
	rootObject = BF2D659D2611C6BC006A1754 /* Project object */;
}
